
Microsoft Visual Studio Solution File, Format Version 12.00
# Visual Studio 15
VisualStudioVersion = 15.0.28307.572
MinimumVisualStudioVersion = 10.0.40219.1
Project("{FAE04EC0-301F-11D3-BF4B-00C04F79EFBC}") = "DartBoardApi", "DartBoardApi\DartBoardApi.csproj", "{20A5F74F-0607-4671-A6DF-B4F3FE7FDCA8}"
EndProject
Global
	GlobalSection(SolutionConfigurationPlatforms) = preSolution
		Debug|Any CPU = Debug|Any CPU
		Release|Any CPU = Release|Any CPU
	EndGlobalSection
	GlobalSection(ProjectConfigurationPlatforms) = postSolution
		{20A5F74F-0607-4671-A6DF-B4F3FE7FDCA8}.Debug|Any CPU.ActiveCfg = Debug|Any CPU
		{20A5F74F-0607-4671-A6DF-B4F3FE7FDCA8}.Debug|Any CPU.Build.0 = Debug|Any CPU
		{20A5F74F-0607-4671-A6DF-B4F3FE7FDCA8}.Release|Any CPU.ActiveCfg = Release|Any CPU
		{20A5F74F-0607-4671-A6DF-B4F3FE7FDCA8}.Release|Any CPU.Build.0 = Release|Any CPU
	EndGlobalSection
	GlobalSection(SolutionProperties) = preSolution
		HideSolutionNode = FALSE
	EndGlobalSection
	GlobalSection(ExtensibilityGlobals) = postSolution
		SolutionGuid = {A973607B-7655-4D18-8A13-900B712848B2}
	EndGlobalSection
EndGlobal
